
Microsoft Visual Studio Solution File, Format Version 12.00
# Visual Studio Version 16
VisualStudioVersion = 16.0.30011.22
MinimumVisualStudioVersion = 10.0.40219.1
Project("{FAE04EC0-301F-11D3-BF4B-00C04F79EFBC}") = "Problem-1", "Problem-1.csproj", "{42E7BBCC-EE7C-4FE6-86AF-A1625B4C678A}"
EndProject
Global
	GlobalSection(SolutionConfigurationPlatforms) = preSolution
		Debug|Any CPU = Debug|Any CPU
		Release|Any CPU = Release|Any CPU
	EndGlobalSection
	GlobalSection(ProjectConfigurationPlatforms) = postSolution
		{42E7BBCC-EE7C-4FE6-86AF-A1625B4C678A}.Debug|Any CPU.ActiveCfg = Debug|Any CPU
		{42E7BBCC-EE7C-4FE6-86AF-A1625B4C678A}.Debug|Any CPU.Build.0 = Debug|Any CPU
		{42E7BBCC-EE7C-4FE6-86AF-A1625B4C678A}.Release|Any CPU.ActiveCfg = Release|Any CPU
		{42E7BBCC-EE7C-4FE6-86AF-A1625B4C678A}.Release|Any CPU.Build.0 = Release|Any CPU
	EndGlobalSection
	GlobalSection(SolutionProperties) = preSolution
		HideSolutionNode = FALSE
	EndGlobalSection
	GlobalSection(ExtensibilityGlobals) = postSolution
		SolutionGuid = {89D2A272-76CF-4472-A47F-0C97299295BE}
	EndGlobalSection
EndGlobal
